
Microsoft Visual Studio Solution File, Format Version 12.00
# Visual Studio Version 16
VisualStudioVersion = 16.0.33927.289
MinimumVisualStudioVersion = 10.0.40219.1
Project("{8BC9CEB8-8B4A-11D0-8D11-00A0C91BC942}") = "Vector2.1", "Vector2.1.vcxproj", "{20F95892-31FF-4C13-9E99-EEFE45E0473D}"
EndProject
Global
	GlobalSection(SolutionConfigurationPlatforms) = preSolution
		Debug|x64 = Debug|x64
		Debug|x86 = Debug|x86
		Release|x64 = Release|x64
		Release|x86 = Release|x86
	EndGlobalSection
	GlobalSection(ProjectConfigurationPlatforms) = postSolution
		{20F95892-31FF-4C13-9E99-EEFE45E0473D}.Debug|x64.ActiveCfg = Debug|x64
		{20F95892-31FF-4C13-9E99-EEFE45E0473D}.Debug|x64.Build.0 = Debug|x64
		{20F95892-31FF-4C13-9E99-EEFE45E0473D}.Debug|x86.ActiveCfg = Debug|Win32
		{20F95892-31FF-4C13-9E99-EEFE45E0473D}.Debug|x86.Build.0 = Debug|Win32
		{20F95892-31FF-4C13-9E99-EEFE45E0473D}.Release|x64.ActiveCfg = Release|x64
		{20F95892-31FF-4C13-9E99-EEFE45E0473D}.Release|x64.Build.0 = Release|x64
		{20F95892-31FF-4C13-9E99-EEFE45E0473D}.Release|x86.ActiveCfg = Release|Win32
		{20F95892-31FF-4C13-9E99-EEFE45E0473D}.Release|x86.Build.0 = Release|Win32
	EndGlobalSection
	GlobalSection(SolutionProperties) = preSolution
		HideSolutionNode = FALSE
	EndGlobalSection
	GlobalSection(ExtensibilityGlobals) = postSolution
		SolutionGuid = {4D5D1679-5954-4959-BB96-98386BC18462}
	EndGlobalSection
EndGlobal
